
Microsoft Visual Studio Solution File, Format Version 12.00
Project("{FAE04EC0-301F-11D3-BF4B-00C04F79EFBC}") = "HoratioBot", "packages\bot\HoratioBot\HoratioBot.csproj", "{00838295-D204-41CA-9C77-B16C13FA3F2C}"
EndProject
Global
	GlobalSection(SolutionConfigurationPlatforms) = preSolution
		Debug|Any CPU = Debug|Any CPU
		Release|Any CPU = Release|Any CPU
	EndGlobalSection
	GlobalSection(ProjectConfigurationPlatforms) = postSolution
		{00838295-D204-41CA-9C77-B16C13FA3F2C}.Debug|Any CPU.ActiveCfg = Debug|Any CPU
		{00838295-D204-41CA-9C77-B16C13FA3F2C}.Debug|Any CPU.Build.0 = Debug|Any CPU
		{00838295-D204-41CA-9C77-B16C13FA3F2C}.Release|Any CPU.ActiveCfg = Release|Any CPU
		{00838295-D204-41CA-9C77-B16C13FA3F2C}.Release|Any CPU.Build.0 = Release|Any CPU
	EndGlobalSection
EndGlobal
